
Microsoft Visual Studio Solution File, Format Version 12.00
# Visual Studio 15
VisualStudioVersion = 15.0.28307.168
MinimumVisualStudioVersion = 10.0.40219.1
Project("{9A19103F-16F7-4668-BE54-9A1E7A4F7556}") = "SportsStore", "SportsStore.csproj", "{1268458C-4085-479C-BA33-E4F81467C5F7}"
EndProject
Global
	GlobalSection(SolutionConfigurationPlatforms) = preSolution
		Debug|Any CPU = Debug|Any CPU
		Release|Any CPU = Release|Any CPU
	EndGlobalSection
	GlobalSection(ProjectConfigurationPlatforms) = postSolution
		{1268458C-4085-479C-BA33-E4F81467C5F7}.Debug|Any CPU.ActiveCfg = Debug|Any CPU
		{1268458C-4085-479C-BA33-E4F81467C5F7}.Debug|Any CPU.Build.0 = Debug|Any CPU
		{1268458C-4085-479C-BA33-E4F81467C5F7}.Release|Any CPU.ActiveCfg = Release|Any CPU
		{1268458C-4085-479C-BA33-E4F81467C5F7}.Release|Any CPU.Build.0 = Release|Any CPU
	EndGlobalSection
	GlobalSection(SolutionProperties) = preSolution
		HideSolutionNode = FALSE
	EndGlobalSection
	GlobalSection(ExtensibilityGlobals) = postSolution
		SolutionGuid = {DF263106-5814-4779-A214-CC8083BDAABF}
	EndGlobalSection
EndGlobal
